// !$*UTF8*$!
{
	archiveVersion = 1;
	classes = {
	};
	objectVersion = 51;
	objects = {

/* Begin PBXBuildFile section */
		2961DEC07014C6EC1CCE7101 /* Pods_TheBourneChallengeTests.framework in Frameworks */ = {isa = PBXBuildFile; fileRef = 2AC46B4488D0C02383F22FCE /* Pods_TheBourneChallengeTests.framework */; };
		7FF13858BC404DFB21493769 /* Pods_TheBourneChallenge.framework in Frameworks */ = {isa = PBXBuildFile; fileRef = B5794D55604669F45E0BDB02 /* Pods_TheBourneChallenge.framework */; };
		8C0BDF722570753300869043 /* AppDelegate.swift in Sources */ = {isa = PBXBuildFile; fileRef = 8C0BDF712570753300869043 /* AppDelegate.swift */; };
		8C0BDF7B2570753500869043 /* Assets.xcassets in Resources */ = {isa = PBXBuildFile; fileRef = 8C0BDF7A2570753500869043 /* Assets.xcassets */; };
		8C0BDF7E2570753500869043 /* LaunchScreen.storyboard in Resources */ = {isa = PBXBuildFile; fileRef = 8C0BDF7C2570753500869043 /* LaunchScreen.storyboard */; };
		8C0BDF892570753500869043 /* TheBourneChallengeTests.swift in Sources */ = {isa = PBXBuildFile; fileRef = 8C0BDF882570753500869043 /* TheBourneChallengeTests.swift */; };
		8C771FCB25707AA500F8E8FA /* Movie.swift in Sources */ = {isa = PBXBuildFile; fileRef = 8C771FCA25707AA500F8E8FA /* Movie.swift */; };
		8C771FD825707C5F00F8E8FA /* MovieList.storyboard in Resources */ = {isa = PBXBuildFile; fileRef = 8C771FD425707C5F00F8E8FA /* MovieList.storyboard */; };
		8C771FD925707C5F00F8E8FA /* MovieListViewController.swift in Sources */ = {isa = PBXBuildFile; fileRef = 8C771FD525707C5F00F8E8FA /* MovieListViewController.swift */; };
		8C771FDB25707C5F00F8E8FA /* MovieListPresenter.swift in Sources */ = {isa = PBXBuildFile; fileRef = 8C771FD725707C5F00F8E8FA /* MovieListPresenter.swift */; };
		8C771FEB2570989800F8E8FA /* MovieDetail.storyboard in Resources */ = {isa = PBXBuildFile; fileRef = 8C771FE72570989800F8E8FA /* MovieDetail.storyboard */; };
		8C771FEC2570989800F8E8FA /* MovieDetailViewController.swift in Sources */ = {isa = PBXBuildFile; fileRef = 8C771FE82570989800F8E8FA /* MovieDetailViewController.swift */; };
		8C771FEE2570989800F8E8FA /* MovieDetailPresenter.swift in Sources */ = {isa = PBXBuildFile; fileRef = 8C771FEA2570989800F8E8FA /* MovieDetailPresenter.swift */; };
		8C771FF525709A3D00F8E8FA /* MovieManager.swift in Sources */ = {isa = PBXBuildFile; fileRef = 8C771FF425709A3D00F8E8FA /* MovieManager.swift */; };
		8C77200125710B2600F8E8FA /* Reusable.swift in Sources */ = {isa = PBXBuildFile; fileRef = 8C77200025710B2600F8E8FA /* Reusable.swift */; };
		8C77200525710B4E00F8E8FA /* XIBLodable.swift in Sources */ = {isa = PBXBuildFile; fileRef = 8C77200425710B4E00F8E8FA /* XIBLodable.swift */; };
		8C77200925710B8300F8E8FA /* CellDisplayable.swift in Sources */ = {isa = PBXBuildFile; fileRef = 8C77200825710B8300F8E8FA /* CellDisplayable.swift */; };
		8C77200D25710BCF00F8E8FA /* Actions.swift in Sources */ = {isa = PBXBuildFile; fileRef = 8C77200C25710BCF00F8E8FA /* Actions.swift */; };
		8C77201125710BE100F8E8FA /* TableViewSection.swift in Sources */ = {isa = PBXBuildFile; fileRef = 8C77201025710BE100F8E8FA /* TableViewSection.swift */; };
		8C77201525710C1B00F8E8FA /* UIFont+Accessible.swift in Sources */ = {isa = PBXBuildFile; fileRef = 8C77201425710C1B00F8E8FA /* UIFont+Accessible.swift */; };
		8C77201B25710CAC00F8E8FA /* UIRefreshControl+Default.swift in Sources */ = {isa = PBXBuildFile; fileRef = 8C77201A25710CAC00F8E8FA /* UIRefreshControl+Default.swift */; };
		8C77201F25710CE700F8E8FA /* NoDataTableViewCell.swift in Sources */ = {isa = PBXBuildFile; fileRef = 8C77201E25710CE700F8E8FA /* NoDataTableViewCell.swift */; };
		8C77202C257110CF00F8E8FA /* StoryboardLoading.swift in Sources */ = {isa = PBXBuildFile; fileRef = 8C77202B257110CF00F8E8FA /* StoryboardLoading.swift */; };
		8C772033257112B200F8E8FA /* MovieListTableViewCell.swift in Sources */ = {isa = PBXBuildFile; fileRef = 8C772032257112B200F8E8FA /* MovieListTableViewCell.swift */; };
		8C7720392571134A00F8E8FA /* MovieListTableViewCell.xib in Resources */ = {isa = PBXBuildFile; fileRef = 8C7720382571134A00F8E8FA /* MovieListTableViewCell.xib */; };
		8C77203D2571144500F8E8FA /* NoDataTableViewCell.xib in Resources */ = {isa = PBXBuildFile; fileRef = 8C77203C2571144500F8E8FA /* NoDataTableViewCell.xib */; };
		8C772041257114EB00F8E8FA /* UIColor+Helpers.swift in Sources */ = {isa = PBXBuildFile; fileRef = 8C772040257114EB00F8E8FA /* UIColor+Helpers.swift */; };
/* End PBXBuildFile section */

/* Begin PBXContainerItemProxy section */
		8C0BDF852570753500869043 /* PBXContainerItemProxy */ = {
			isa = PBXContainerItemProxy;
			containerPortal = 8C0BDF662570753300869043 /* Project object */;
			proxyType = 1;
			remoteGlobalIDString = 8C0BDF6D2570753300869043;
			remoteInfo = TheBourneChallenge;
		};
/* End PBXContainerItemProxy section */

/* Begin PBXFileReference section */
		020A93A4075C19CB792D5F6F /* Pods-TheBourneChallengeTests.debug.xcconfig */ = {isa = PBXFileReference; includeInIndex = 1; lastKnownFileType = text.xcconfig; name = "Pods-TheBourneChallengeTests.debug.xcconfig"; path = "Target Support Files/Pods-TheBourneChallengeTests/Pods-TheBourneChallengeTests.debug.xcconfig"; sourceTree = "<group>"; };
		24AFFBD1207A18F45B3D865D /* Pods-TheBourneChallenge.debug.xcconfig */ = {isa = PBXFileReference; includeInIndex = 1; lastKnownFileType = text.xcconfig; name = "Pods-TheBourneChallenge.debug.xcconfig"; path = "Target Support Files/Pods-TheBourneChallenge/Pods-TheBourneChallenge.debug.xcconfig"; sourceTree = "<group>"; };
		2AC46B4488D0C02383F22FCE /* Pods_TheBourneChallengeTests.framework */ = {isa = PBXFileReference; explicitFileType = wrapper.framework; includeInIndex = 0; path = Pods_TheBourneChallengeTests.framework; sourceTree = BUILT_PRODUCTS_DIR; };
		2FAD59B13B465F1E30E2244F /* Pods-TheBourneChallengeTests.release.xcconfig */ = {isa = PBXFileReference; includeInIndex = 1; lastKnownFileType = text.xcconfig; name = "Pods-TheBourneChallengeTests.release.xcconfig"; path = "Target Support Files/Pods-TheBourneChallengeTests/Pods-TheBourneChallengeTests.release.xcconfig"; sourceTree = "<group>"; };
		47DF522BC097F32E609A621A /* Pods_TheBourneChallenge_TheBourneChallengeUITests.framework */ = {isa = PBXFileReference; explicitFileType = wrapper.framework; includeInIndex = 0; path = Pods_TheBourneChallenge_TheBourneChallengeUITests.framework; sourceTree = BUILT_PRODUCTS_DIR; };
		55897E787D6D572A7B758F5B /* Pods-TheBourneChallenge-TheBourneChallengeUITests.debug.xcconfig */ = {isa = PBXFileReference; includeInIndex = 1; lastKnownFileType = text.xcconfig; name = "Pods-TheBourneChallenge-TheBourneChallengeUITests.debug.xcconfig"; path = "Target Support Files/Pods-TheBourneChallenge-TheBourneChallengeUITests/Pods-TheBourneChallenge-TheBourneChallengeUITests.debug.xcconfig"; sourceTree = "<group>"; };
		8C0BDF6E2570753300869043 /* TheBourneChallenge.app */ = {isa = PBXFileReference; explicitFileType = wrapper.application; includeInIndex = 0; path = TheBourneChallenge.app; sourceTree = BUILT_PRODUCTS_DIR; };
		8C0BDF712570753300869043 /* AppDelegate.swift */ = {isa = PBXFileReference; lastKnownFileType = sourcecode.swift; path = AppDelegate.swift; sourceTree = "<group>"; };
		8C0BDF7A2570753500869043 /* Assets.xcassets */ = {isa = PBXFileReference; lastKnownFileType = folder.assetcatalog; path = Assets.xcassets; sourceTree = "<group>"; };
		8C0BDF7D2570753500869043 /* Base */ = {isa = PBXFileReference; lastKnownFileType = file.storyboard; name = Base; path = Base.lproj/LaunchScreen.storyboard; sourceTree = "<group>"; };
		8C0BDF7F2570753500869043 /* Info.plist */ = {isa = PBXFileReference; lastKnownFileType = text.plist.xml; path = Info.plist; sourceTree = "<group>"; };
		8C0BDF842570753500869043 /* TheBourneChallengeTests.xctest */ = {isa = PBXFileReference; explicitFileType = wrapper.cfbundle; includeInIndex = 0; path = TheBourneChallengeTests.xctest; sourceTree = BUILT_PRODUCTS_DIR; };
		8C0BDF882570753500869043 /* TheBourneChallengeTests.swift */ = {isa = PBXFileReference; lastKnownFileType = sourcecode.swift; path = TheBourneChallengeTests.swift; sourceTree = "<group>"; };
		8C0BDF8A2570753500869043 /* Info.plist */ = {isa = PBXFileReference; lastKnownFileType = text.plist.xml; path = Info.plist; sourceTree = "<group>"; };
		8C771FCA25707AA500F8E8FA /* Movie.swift */ = {isa = PBXFileReference; lastKnownFileType = sourcecode.swift; path = Movie.swift; sourceTree = "<group>"; };
		8C771FD425707C5F00F8E8FA /* MovieList.storyboard */ = {isa = PBXFileReference; lastKnownFileType = file.storyboard; path = MovieList.storyboard; sourceTree = "<group>"; };
		8C771FD525707C5F00F8E8FA /* MovieListViewController.swift */ = {isa = PBXFileReference; lastKnownFileType = sourcecode.swift; path = MovieListViewController.swift; sourceTree = "<group>"; };
		8C771FD725707C5F00F8E8FA /* MovieListPresenter.swift */ = {isa = PBXFileReference; lastKnownFileType = sourcecode.swift; path = MovieListPresenter.swift; sourceTree = "<group>"; };
		8C771FE72570989800F8E8FA /* MovieDetail.storyboard */ = {isa = PBXFileReference; lastKnownFileType = file.storyboard; path = MovieDetail.storyboard; sourceTree = "<group>"; };
		8C771FE82570989800F8E8FA /* MovieDetailViewController.swift */ = {isa = PBXFileReference; lastKnownFileType = sourcecode.swift; path = MovieDetailViewController.swift; sourceTree = "<group>"; };
		8C771FEA2570989800F8E8FA /* MovieDetailPresenter.swift */ = {isa = PBXFileReference; lastKnownFileType = sourcecode.swift; path = MovieDetailPresenter.swift; sourceTree = "<group>"; };
		8C771FF425709A3D00F8E8FA /* MovieManager.swift */ = {isa = PBXFileReference; lastKnownFileType = sourcecode.swift; path = MovieManager.swift; sourceTree = "<group>"; };
		8C77200025710B2600F8E8FA /* Reusable.swift */ = {isa = PBXFileReference; lastKnownFileType = sourcecode.swift; path = Reusable.swift; sourceTree = "<group>"; };
		8C77200425710B4E00F8E8FA /* XIBLodable.swift */ = {isa = PBXFileReference; lastKnownFileType = sourcecode.swift; path = XIBLodable.swift; sourceTree = "<group>"; };
		8C77200825710B8300F8E8FA /* CellDisplayable.swift */ = {isa = PBXFileReference; lastKnownFileType = sourcecode.swift; path = CellDisplayable.swift; sourceTree = "<group>"; };
		8C77200C25710BCF00F8E8FA /* Actions.swift */ = {isa = PBXFileReference; lastKnownFileType = sourcecode.swift; path = Actions.swift; sourceTree = "<group>"; };
		8C77201025710BE100F8E8FA /* TableViewSection.swift */ = {isa = PBXFileReference; lastKnownFileType = sourcecode.swift; path = TableViewSection.swift; sourceTree = "<group>"; };
		8C77201425710C1B00F8E8FA /* UIFont+Accessible.swift */ = {isa = PBXFileReference; lastKnownFileType = sourcecode.swift; path = "UIFont+Accessible.swift"; sourceTree = "<group>"; };
		8C77201A25710CAC00F8E8FA /* UIRefreshControl+Default.swift */ = {isa = PBXFileReference; lastKnownFileType = sourcecode.swift; path = "UIRefreshControl+Default.swift"; sourceTree = "<group>"; };
		8C77201E25710CE700F8E8FA /* NoDataTableViewCell.swift */ = {isa = PBXFileReference; lastKnownFileType = sourcecode.swift; path = NoDataTableViewCell.swift; sourceTree = "<group>"; };
		8C77202B257110CF00F8E8FA /* StoryboardLoading.swift */ = {isa = PBXFileReference; lastKnownFileType = sourcecode.swift; path = StoryboardLoading.swift; sourceTree = "<group>"; };
		8C772032257112B200F8E8FA /* MovieListTableViewCell.swift */ = {isa = PBXFileReference; lastKnownFileType = sourcecode.swift; path = MovieListTableViewCell.swift; sourceTree = "<group>"; };
		8C7720382571134A00F8E8FA /* MovieListTableViewCell.xib */ = {isa = PBXFileReference; lastKnownFileType = file.xib; path = MovieListTableViewCell.xib; sourceTree = "<group>"; };
		8C77203C2571144500F8E8FA /* NoDataTableViewCell.xib */ = {isa = PBXFileReference; lastKnownFileType = file.xib; path = NoDataTableViewCell.xib; sourceTree = "<group>"; };
		8C772040257114EB00F8E8FA /* UIColor+Helpers.swift */ = {isa = PBXFileReference; lastKnownFileType = sourcecode.swift; path = "UIColor+Helpers.swift"; sourceTree = "<group>"; };
		AB33C586AE22AD6329886502 /* Pods-TheBourneChallenge.release.xcconfig */ = {isa = PBXFileReference; includeInIndex = 1; lastKnownFileType = text.xcconfig; name = "Pods-TheBourneChallenge.release.xcconfig"; path = "Target Support Files/Pods-TheBourneChallenge/Pods-TheBourneChallenge.release.xcconfig"; sourceTree = "<group>"; };
		B5794D55604669F45E0BDB02 /* Pods_TheBourneChallenge.framework */ = {isa = PBXFileReference; explicitFileType = wrapper.framework; includeInIndex = 0; path = Pods_TheBourneChallenge.framework; sourceTree = BUILT_PRODUCTS_DIR; };
		DBFB002E09F874F1FA5F5D62 /* Pods-TheBourneChallenge-TheBourneChallengeUITests.release.xcconfig */ = {isa = PBXFileReference; includeInIndex = 1; lastKnownFileType = text.xcconfig; name = "Pods-TheBourneChallenge-TheBourneChallengeUITests.release.xcconfig"; path = "Target Support Files/Pods-TheBourneChallenge-TheBourneChallengeUITests/Pods-TheBourneChallenge-TheBourneChallengeUITests.release.xcconfig"; sourceTree = "<group>"; };
/* End PBXFileReference section */

/* Begin PBXFrameworksBuildPhase section */
		8C0BDF6B2570753300869043 /* Frameworks */ = {
			isa = PBXFrameworksBuildPhase;
			buildActionMask = 2147483647;
			files = (
				7FF13858BC404DFB21493769 /* Pods_TheBourneChallenge.framework in Frameworks */,
			);
			runOnlyForDeploymentPostprocessing = 0;
		};
		8C0BDF812570753500869043 /* Frameworks */ = {
			isa = PBXFrameworksBuildPhase;
			buildActionMask = 2147483647;
			files = (
				2961DEC07014C6EC1CCE7101 /* Pods_TheBourneChallengeTests.framework in Frameworks */,
			);
			runOnlyForDeploymentPostprocessing = 0;
		};
/* End PBXFrameworksBuildPhase section */

/* Begin PBXGroup section */
		8C0BDF652570753300869043 = {
			isa = PBXGroup;
			children = (
				8C0BDF702570753300869043 /* TheBourneChallenge */,
				8C0BDF872570753500869043 /* TheBourneChallengeTests */,
				8C0BDF6F2570753300869043 /* Products */,
				91BF8852134ED12CF95CC9A2 /* Pods */,
				CDC6CC775233452CC36627D8 /* Frameworks */,
			);
			sourceTree = "<group>";
		};
		8C0BDF6F2570753300869043 /* Products */ = {
			isa = PBXGroup;
			children = (
				8C0BDF6E2570753300869043 /* TheBourneChallenge.app */,
				8C0BDF842570753500869043 /* TheBourneChallengeTests.xctest */,
			);
			name = Products;
			sourceTree = "<group>";
		};
		8C0BDF702570753300869043 /* TheBourneChallenge */ = {
			isa = PBXGroup;
			children = (
				8C0BDF7F2570753500869043 /* Info.plist */,
				8C0BDF712570753300869043 /* AppDelegate.swift */,
				8C0BDF7A2570753500869043 /* Assets.xcassets */,
				8C77202425710CF100F8E8FA /* Common */,
				8C771FF3257099E000F8E8FA /* Helpers */,
				8C771FC2257079C500F8E8FA /* LaunchScreen */,
				8C771FE62570988800F8E8FA /* MovieDetail */,
				8C771FC825707A8900F8E8FA /* MovieList */,
			);
			path = TheBourneChallenge;
			sourceTree = "<group>";
		};
		8C0BDF872570753500869043 /* TheBourneChallengeTests */ = {
			isa = PBXGroup;
			children = (
				8C0BDF882570753500869043 /* TheBourneChallengeTests.swift */,
				8C0BDF8A2570753500869043 /* Info.plist */,
			);
			path = TheBourneChallengeTests;
			sourceTree = "<group>";
		};
		8C771FC2257079C500F8E8FA /* LaunchScreen */ = {
			isa = PBXGroup;
			children = (
				8C0BDF7C2570753500869043 /* LaunchScreen.storyboard */,
			);
			path = LaunchScreen;
			sourceTree = "<group>";
		};
		8C771FC825707A8900F8E8FA /* MovieList */ = {
			isa = PBXGroup;
			children = (
				8C7720312571129B00F8E8FA /* Cells */,
				8C771FC925707A9600F8E8FA /* API */,
				8C771FDE25707C6B00F8E8FA /* Presenter */,
				8C771FE125707C7200F8E8FA /* View */,
			);
			path = MovieList;
			sourceTree = "<group>";
		};
		8C771FC925707A9600F8E8FA /* API */ = {
			isa = PBXGroup;
			children = (
				8C771FCA25707AA500F8E8FA /* Movie.swift */,
				8C771FF425709A3D00F8E8FA /* MovieManager.swift */,
			);
			path = API;
			sourceTree = "<group>";
		};
		8C771FDE25707C6B00F8E8FA /* Presenter */ = {
			isa = PBXGroup;
			children = (
				8C771FD725707C5F00F8E8FA /* MovieListPresenter.swift */,
			);
			path = Presenter;
			sourceTree = "<group>";
		};
		8C771FE125707C7200F8E8FA /* View */ = {
			isa = PBXGroup;
			children = (
				8C771FD425707C5F00F8E8FA /* MovieList.storyboard */,
				8C771FD525707C5F00F8E8FA /* MovieListViewController.swift */,
			);
			path = View;
			sourceTree = "<group>";
		};
		8C771FE62570988800F8E8FA /* MovieDetail */ = {
			isa = PBXGroup;
			children = (
				8C771FE72570989800F8E8FA /* MovieDetail.storyboard */,
				8C771FE82570989800F8E8FA /* MovieDetailViewController.swift */,
				8C771FEA2570989800F8E8FA /* MovieDetailPresenter.swift */,
			);
			path = MovieDetail;
			sourceTree = "<group>";
		};
		8C771FF3257099E000F8E8FA /* Helpers */ = {
			isa = PBXGroup;
			children = (
				8C77200C25710BCF00F8E8FA /* Actions.swift */,
				8C77200825710B8300F8E8FA /* CellDisplayable.swift */,
				8C77200025710B2600F8E8FA /* Reusable.swift */,
				8C77202B257110CF00F8E8FA /* StoryboardLoading.swift */,
				8C77201025710BE100F8E8FA /* TableViewSection.swift */,
				8C77201425710C1B00F8E8FA /* UIFont+Accessible.swift */,
				8C77201A25710CAC00F8E8FA /* UIRefreshControl+Default.swift */,
				8C77200425710B4E00F8E8FA /* XIBLodable.swift */,
				8C772040257114EB00F8E8FA /* UIColor+Helpers.swift */,
			);
			path = Helpers;
			sourceTree = "<group>";
		};
		8C77202425710CF100F8E8FA /* Common */ = {
			isa = PBXGroup;
			children = (
				8C77201E25710CE700F8E8FA /* NoDataTableViewCell.swift */,
				8C77203C2571144500F8E8FA /* NoDataTableViewCell.xib */,
			);
			path = Common;
			sourceTree = "<group>";
		};
		8C7720312571129B00F8E8FA /* Cells */ = {
			isa = PBXGroup;
			children = (
				8C772032257112B200F8E8FA /* MovieListTableViewCell.swift */,
				8C7720382571134A00F8E8FA /* MovieListTableViewCell.xib */,
			);
			path = Cells;
			sourceTree = "<group>";
		};
		91BF8852134ED12CF95CC9A2 /* Pods */ = {
			isa = PBXGroup;
			children = (
				24AFFBD1207A18F45B3D865D /* Pods-TheBourneChallenge.debug.xcconfig */,
				AB33C586AE22AD6329886502 /* Pods-TheBourneChallenge.release.xcconfig */,
				55897E787D6D572A7B758F5B /* Pods-TheBourneChallenge-TheBourneChallengeUITests.debug.xcconfig */,
				DBFB002E09F874F1FA5F5D62 /* Pods-TheBourneChallenge-TheBourneChallengeUITests.release.xcconfig */,
				020A93A4075C19CB792D5F6F /* Pods-TheBourneChallengeTests.debug.xcconfig */,
				2FAD59B13B465F1E30E2244F /* Pods-TheBourneChallengeTests.release.xcconfig */,
			);
			path = Pods;
			sourceTree = "<group>";
		};
		CDC6CC775233452CC36627D8 /* Frameworks */ = {
			isa = PBXGroup;
			children = (
				B5794D55604669F45E0BDB02 /* Pods_TheBourneChallenge.framework */,
				47DF522BC097F32E609A621A /* Pods_TheBourneChallenge_TheBourneChallengeUITests.framework */,
				2AC46B4488D0C02383F22FCE /* Pods_TheBourneChallengeTests.framework */,
			);
			name = Frameworks;
			sourceTree = "<group>";
		};
/* End PBXGroup section */

/* Begin PBXNativeTarget section */
		8C0BDF6D2570753300869043 /* TheBourneChallenge */ = {
			isa = PBXNativeTarget;
			buildConfigurationList = 8C0BDF982570753500869043 /* Build configuration list for PBXNativeTarget "TheBourneChallenge" */;
			buildPhases = (
				8D2147D66C344D9EFBD2DAFC /* [CP] Check Pods Manifest.lock */,
				8C0BDF6A2570753300869043 /* Sources */,
				8C0BDF6B2570753300869043 /* Frameworks */,
				8C0BDF6C2570753300869043 /* Resources */,
				8C0BDFA7257075CB00869043 /* Run SwiftFormat */,
				8C0BDFA8257075E000869043 /* Run SwiftLint */,
				7270349DF1BD433E0E51EAA3 /* [CP] Embed Pods Frameworks */,
			);
			buildRules = (
			);
			dependencies = (
			);
			name = TheBourneChallenge;
			productName = TheBourneChallenge;
			productReference = 8C0BDF6E2570753300869043 /* TheBourneChallenge.app */;
			productType = "com.apple.product-type.application";
		};
		8C0BDF832570753500869043 /* TheBourneChallengeTests */ = {
			isa = PBXNativeTarget;
			buildConfigurationList = 8C0BDF9B2570753500869043 /* Build configuration list for PBXNativeTarget "TheBourneChallengeTests" */;
			buildPhases = (
				2A65FC75F1C316EB2DAAFDD5 /* [CP] Check Pods Manifest.lock */,
				8C0BDF802570753500869043 /* Sources */,
				8C0BDF812570753500869043 /* Frameworks */,
				8C0BDF822570753500869043 /* Resources */,
			);
			buildRules = (
			);
			dependencies = (
				8C0BDF862570753500869043 /* PBXTargetDependency */,
			);
			name = TheBourneChallengeTests;
			productName = TheBourneChallengeTests;
			productReference = 8C0BDF842570753500869043 /* TheBourneChallengeTests.xctest */;
			productType = "com.apple.product-type.bundle.unit-test";
		};
/* End PBXNativeTarget section */

/* Begin PBXProject section */
		8C0BDF662570753300869043 /* Project object */ = {
			isa = PBXProject;
			attributes = {
				LastSwiftUpdateCheck = 1220;
				LastUpgradeCheck = 1220;
				TargetAttributes = {
					8C0BDF6D2570753300869043 = {
						CreatedOnToolsVersion = 12.2;
					};
					8C0BDF832570753500869043 = {
						CreatedOnToolsVersion = 12.2;
						TestTargetID = 8C0BDF6D2570753300869043;
					};
				};
			};
			buildConfigurationList = 8C0BDF692570753300869043 /* Build configuration list for PBXProject "TheBourneChallenge" */;
			compatibilityVersion = "Xcode 9.3";
			developmentRegion = en;
			hasScannedForEncodings = 0;
			knownRegions = (
				en,
				Base,
			);
			mainGroup = 8C0BDF652570753300869043;
			productRefGroup = 8C0BDF6F2570753300869043 /* Products */;
			projectDirPath = "";
			projectRoot = "";
			targets = (
				8C0BDF6D2570753300869043 /* TheBourneChallenge */,
				8C0BDF832570753500869043 /* TheBourneChallengeTests */,
			);
		};
/* End PBXProject section */

/* Begin PBXResourcesBuildPhase section */
		8C0BDF6C2570753300869043 /* Resources */ = {
			isa = PBXResourcesBuildPhase;
			buildActionMask = 2147483647;
			files = (
				8C7720392571134A00F8E8FA /* MovieListTableViewCell.xib in Resources */,
				8C771FEB2570989800F8E8FA /* MovieDetail.storyboard in Resources */,
				8C77203D2571144500F8E8FA /* NoDataTableViewCell.xib in Resources */,
				8C771FD825707C5F00F8E8FA /* MovieList.storyboard in Resources */,
				8C0BDF7E2570753500869043 /* LaunchScreen.storyboard in Resources */,
				8C0BDF7B2570753500869043 /* Assets.xcassets in Resources */,
			);
			runOnlyForDeploymentPostprocessing = 0;
		};
		8C0BDF822570753500869043 /* Resources */ = {
			isa = PBXResourcesBuildPhase;
			buildActionMask = 2147483647;
			files = (
			);
			runOnlyForDeploymentPostprocessing = 0;
		};
/* End PBXResourcesBuildPhase section */

/* Begin PBXShellScriptBuildPhase section */
		2A65FC75F1C316EB2DAAFDD5 /* [CP] Check Pods Manifest.lock */ = {
			isa = PBXShellScriptBuildPhase;
			buildActionMask = 2147483647;
			files = (
			);
			inputFileListPaths = (
			);
			inputPaths = (
				"${PODS_PODFILE_DIR_PATH}/Podfile.lock",
				"${PODS_ROOT}/Manifest.lock",
			);
			name = "[CP] Check Pods Manifest.lock";
			outputFileListPaths = (
			);
			outputPaths = (
				"$(DERIVED_FILE_DIR)/Pods-TheBourneChallengeTests-checkManifestLockResult.txt",
			);
			runOnlyForDeploymentPostprocessing = 0;
			shellPath = /bin/sh;
			shellScript = "diff \"${PODS_PODFILE_DIR_PATH}/Podfile.lock\" \"${PODS_ROOT}/Manifest.lock\" > /dev/null\nif [ $? != 0 ] ; then\n    # print error to STDERR\n    echo \"error: The sandbox is not in sync with the Podfile.lock. Run 'pod install' or update your CocoaPods installation.\" >&2\n    exit 1\nfi\n# This output is used by Xcode 'outputs' to avoid re-running this script phase.\necho \"SUCCESS\" > \"${SCRIPT_OUTPUT_FILE_0}\"\n";
			showEnvVarsInLog = 0;
		};
		7270349DF1BD433E0E51EAA3 /* [CP] Embed Pods Frameworks */ = {
			isa = PBXShellScriptBuildPhase;
			buildActionMask = 2147483647;
			files = (
			);
			inputFileListPaths = (
				"${PODS_ROOT}/Target Support Files/Pods-TheBourneChallenge/Pods-TheBourneChallenge-frameworks-${CONFIGURATION}-input-files.xcfilelist",
			);
			name = "[CP] Embed Pods Frameworks";
			outputFileListPaths = (
				"${PODS_ROOT}/Target Support Files/Pods-TheBourneChallenge/Pods-TheBourneChallenge-frameworks-${CONFIGURATION}-output-files.xcfilelist",
			);
			runOnlyForDeploymentPostprocessing = 0;
			shellPath = /bin/sh;
			shellScript = "\"${PODS_ROOT}/Target Support Files/Pods-TheBourneChallenge/Pods-TheBourneChallenge-frameworks.sh\"\n";
			showEnvVarsInLog = 0;
		};
		8C0BDFA7257075CB00869043 /* Run SwiftFormat */ = {
			isa = PBXShellScriptBuildPhase;
			buildActionMask = 2147483647;
			files = (
			);
			inputFileListPaths = (
			);
			inputPaths = (
			);
			name = "Run SwiftFormat";
			outputFileListPaths = (
			);
			outputPaths = (
			);
			runOnlyForDeploymentPostprocessing = 0;
			shellPath = /bin/sh;
			shellScript = "if which swiftformat >/dev/null; then\n  swiftformat . --config .swiftformat\nelse\n  echo \"SwiftFormat not installed\"\nfi\n";
		};
		8C0BDFA8257075E000869043 /* Run SwiftLint */ = {
			isa = PBXShellScriptBuildPhase;
			buildActionMask = 2147483647;
			files = (
			);
			inputFileListPaths = (
			);
			inputPaths = (
			);
			name = "Run SwiftLint";
			outputFileListPaths = (
			);
			outputPaths = (
			);
			runOnlyForDeploymentPostprocessing = 0;
			shellPath = /bin/sh;
			shellScript = "if which swiftlint >/dev/null; then\n  swiftlint\nelse\n  echo \"SwiftLint not installed\"\nfi\n";
		};
		8D2147D66C344D9EFBD2DAFC /* [CP] Check Pods Manifest.lock */ = {
			isa = PBXShellScriptBuildPhase;
			buildActionMask = 2147483647;
			files = (
			);
			inputFileListPaths = (
			);
			inputPaths = (
				"${PODS_PODFILE_DIR_PATH}/Podfile.lock",
				"${PODS_ROOT}/Manifest.lock",
			);
			name = "[CP] Check Pods Manifest.lock";
			outputFileListPaths = (
			);
			outputPaths = (
				"$(DERIVED_FILE_DIR)/Pods-TheBourneChallenge-checkManifestLockResult.txt",
			);
			runOnlyForDeploymentPostprocessing = 0;
			shellPath = /bin/sh;
			shellScript = "diff \"${PODS_PODFILE_DIR_PATH}/Podfile.lock\" \"${PODS_ROOT}/Manifest.lock\" > /dev/null\nif [ $? != 0 ] ; then\n    # print error to STDERR\n    echo \"error: The sandbox is not in sync with the Podfile.lock. Run 'pod install' or update your CocoaPods installation.\" >&2\n    exit 1\nfi\n# This output is used by Xcode 'outputs' to avoid re-running this script phase.\necho \"SUCCESS\" > \"${SCRIPT_OUTPUT_FILE_0}\"\n";
			showEnvVarsInLog = 0;
		};
/* End PBXShellScriptBuildPhase section */

/* Begin PBXSourcesBuildPhase section */
		8C0BDF6A2570753300869043 /* Sources */ = {
			isa = PBXSourcesBuildPhase;
			buildActionMask = 2147483647;
			files = (
				8C0BDF722570753300869043 /* AppDelegate.swift in Sources */,
				8C771FDB25707C5F00F8E8FA /* MovieListPresenter.swift in Sources */,
				8C77200925710B8300F8E8FA /* CellDisplayable.swift in Sources */,
				8C771FF525709A3D00F8E8FA /* MovieManager.swift in Sources */,
				8C77200525710B4E00F8E8FA /* XIBLodable.swift in Sources */,
				8C77201B25710CAC00F8E8FA /* UIRefreshControl+Default.swift in Sources */,
				8C77200D25710BCF00F8E8FA /* Actions.swift in Sources */,
				8C772033257112B200F8E8FA /* MovieListTableViewCell.swift in Sources */,
				8C771FEC2570989800F8E8FA /* MovieDetailViewController.swift in Sources */,
				8C77200125710B2600F8E8FA /* Reusable.swift in Sources */,
				8C77202C257110CF00F8E8FA /* StoryboardLoading.swift in Sources */,
				8C771FCB25707AA500F8E8FA /* Movie.swift in Sources */,
				8C77201125710BE100F8E8FA /* TableViewSection.swift in Sources */,
				8C772041257114EB00F8E8FA /* UIColor+Helpers.swift in Sources */,
				8C771FEE2570989800F8E8FA /* MovieDetailPresenter.swift in Sources */,
				8C77201525710C1B00F8E8FA /* UIFont+Accessible.swift in Sources */,
				8C77201F25710CE700F8E8FA /* NoDataTableViewCell.swift in Sources */,
				8C771FD925707C5F00F8E8FA /* MovieListViewController.swift in Sources */,
			);
			runOnlyForDeploymentPostprocessing = 0;
		};
		8C0BDF802570753500869043 /* Sources */ = {
			isa = PBXSourcesBuildPhase;
			buildActionMask = 2147483647;
			files = (
				8C0BDF892570753500869043 /* TheBourneChallengeTests.swift in Sources */,
			);
			runOnlyForDeploymentPostprocessing = 0;
		};
/* End PBXSourcesBuildPhase section */

/* Begin PBXTargetDependency section */
		8C0BDF862570753500869043 /* PBXTargetDependency */ = {
			isa = PBXTargetDependency;
			target = 8C0BDF6D2570753300869043 /* TheBourneChallenge */;
			targetProxy = 8C0BDF852570753500869043 /* PBXContainerItemProxy */;
		};
/* End PBXTargetDependency section */

/* Begin PBXVariantGroup section */
		8C0BDF7C2570753500869043 /* LaunchScreen.storyboard */ = {
			isa = PBXVariantGroup;
			children = (
				8C0BDF7D2570753500869043 /* Base */,
			);
			name = LaunchScreen.storyboard;
			sourceTree = "<group>";
		};
/* End PBXVariantGroup section */

/* Begin XCBuildConfiguration section */
		8C0BDF962570753500869043 /* Debug */ = {
			isa = XCBuildConfiguration;
			buildSettings = {
				ALWAYS_SEARCH_USER_PATHS = NO;
				CLANG_ANALYZER_NONNULL = YES;
				CLANG_ANALYZER_NUMBER_OBJECT_CONVERSION = YES_AGGRESSIVE;
				CLANG_CXX_LANGUAGE_STANDARD = "gnu++14";
				CLANG_CXX_LIBRARY = "libc++";
				CLANG_ENABLE_MODULES = YES;
				CLANG_ENABLE_OBJC_ARC = YES;
				CLANG_ENABLE_OBJC_WEAK = YES;
				CLANG_WARN_BLOCK_CAPTURE_AUTORELEASING = YES;
				CLANG_WARN_BOOL_CONVERSION = YES;
				CLANG_WARN_COMMA = YES;
				CLANG_WARN_CONSTANT_CONVERSION = YES;
				CLANG_WARN_DEPRECATED_OBJC_IMPLEMENTATIONS = YES;
				CLANG_WARN_DIRECT_OBJC_ISA_USAGE = YES_ERROR;
				CLANG_WARN_DOCUMENTATION_COMMENTS = YES;
				CLANG_WARN_EMPTY_BODY = YES;
				CLANG_WARN_ENUM_CONVERSION = YES;
				CLANG_WARN_INFINITE_RECURSION = YES;
				CLANG_WARN_INT_CONVERSION = YES;
				CLANG_WARN_NON_LITERAL_NULL_CONVERSION = YES;
				CLANG_WARN_OBJC_IMPLICIT_RETAIN_SELF = YES;
				CLANG_WARN_OBJC_LITERAL_CONVERSION = YES;
				CLANG_WARN_OBJC_ROOT_CLASS = YES_ERROR;
				CLANG_WARN_QUOTED_INCLUDE_IN_FRAMEWORK_HEADER = YES;
				CLANG_WARN_RANGE_LOOP_ANALYSIS = YES;
				CLANG_WARN_STRICT_PROTOTYPES = YES;
				CLANG_WARN_SUSPICIOUS_MOVE = YES;
				CLANG_WARN_UNGUARDED_AVAILABILITY = YES_AGGRESSIVE;
				CLANG_WARN_UNREACHABLE_CODE = YES;
				CLANG_WARN__DUPLICATE_METHOD_MATCH = YES;
				COPY_PHASE_STRIP = NO;
				DEBUG_INFORMATION_FORMAT = dwarf;
				ENABLE_STRICT_OBJC_MSGSEND = YES;
				ENABLE_TESTABILITY = YES;
				GCC_C_LANGUAGE_STANDARD = gnu11;
				GCC_DYNAMIC_NO_PIC = NO;
				GCC_NO_COMMON_BLOCKS = YES;
				GCC_OPTIMIZATION_LEVEL = 0;
				GCC_PREPROCESSOR_DEFINITIONS = (
					"DEBUG=1",
					"$(inherited)",
				);
				GCC_WARN_64_TO_32_BIT_CONVERSION = YES;
				GCC_WARN_ABOUT_RETURN_TYPE = YES_ERROR;
				GCC_WARN_UNDECLARED_SELECTOR = YES;
				GCC_WARN_UNINITIALIZED_AUTOS = YES_AGGRESSIVE;
				GCC_WARN_UNUSED_FUNCTION = YES;
				GCC_WARN_UNUSED_VARIABLE = YES;
				IPHONEOS_DEPLOYMENT_TARGET = 14.2;
				MTL_ENABLE_DEBUG_INFO = INCLUDE_SOURCE;
				MTL_FAST_MATH = YES;
				ONLY_ACTIVE_ARCH = YES;
				SDKROOT = iphoneos;
				SWIFT_ACTIVE_COMPILATION_CONDITIONS = DEBUG;
				SWIFT_OPTIMIZATION_LEVEL = "-Onone";
			};
			name = Debug;
		};
		8C0BDF972570753500869043 /* Release */ = {
			isa = XCBuildConfiguration;
			buildSettings = {
				ALWAYS_SEARCH_USER_PATHS = NO;
				CLANG_ANALYZER_NONNULL = YES;
				CLANG_ANALYZER_NUMBER_OBJECT_CONVERSION = YES_AGGRESSIVE;
				CLANG_CXX_LANGUAGE_STANDARD = "gnu++14";
				CLANG_CXX_LIBRARY = "libc++";
				CLANG_ENABLE_MODULES = YES;
				CLANG_ENABLE_OBJC_ARC = YES;
				CLANG_ENABLE_OBJC_WEAK = YES;
				CLANG_WARN_BLOCK_CAPTURE_AUTORELEASING = YES;
				CLANG_WARN_BOOL_CONVERSION = YES;
				CLANG_WARN_COMMA = YES;
				CLANG_WARN_CONSTANT_CONVERSION = YES;
				CLANG_WARN_DEPRECATED_OBJC_IMPLEMENTATIONS = YES;
				CLANG_WARN_DIRECT_OBJC_ISA_USAGE = YES_ERROR;
				CLANG_WARN_DOCUMENTATION_COMMENTS = YES;
				CLANG_WARN_EMPTY_BODY = YES;
				CLANG_WARN_ENUM_CONVERSION = YES;
				CLANG_WARN_INFINITE_RECURSION = YES;
				CLANG_WARN_INT_CONVERSION = YES;
				CLANG_WARN_NON_LITERAL_NULL_CONVERSION = YES;
				CLANG_WARN_OBJC_IMPLICIT_RETAIN_SELF = YES;
				CLANG_WARN_OBJC_LITERAL_CONVERSION = YES;
				CLANG_WARN_OBJC_ROOT_CLASS = YES_ERROR;
				CLANG_WARN_QUOTED_INCLUDE_IN_FRAMEWORK_HEADER = YES;
				CLANG_WARN_RANGE_LOOP_ANALYSIS = YES;
				CLANG_WARN_STRICT_PROTOTYPES = YES;
				CLANG_WARN_SUSPICIOUS_MOVE = YES;
				CLANG_WARN_UNGUARDED_AVAILABILITY = YES_AGGRESSIVE;
				CLANG_WARN_UNREACHABLE_CODE = YES;
				CLANG_WARN__DUPLICATE_METHOD_MATCH = YES;
				COPY_PHASE_STRIP = NO;
				DEBUG_INFORMATION_FORMAT = "dwarf-with-dsym";
				ENABLE_NS_ASSERTIONS = NO;
				ENABLE_STRICT_OBJC_MSGSEND = YES;
				GCC_C_LANGUAGE_STANDARD = gnu11;
				GCC_NO_COMMON_BLOCKS = YES;
				GCC_WARN_64_TO_32_BIT_CONVERSION = YES;
				GCC_WARN_ABOUT_RETURN_TYPE = YES_ERROR;
				GCC_WARN_UNDECLARED_SELECTOR = YES;
				GCC_WARN_UNINITIALIZED_AUTOS = YES_AGGRESSIVE;
				GCC_WARN_UNUSED_FUNCTION = YES;
				GCC_WARN_UNUSED_VARIABLE = YES;
				IPHONEOS_DEPLOYMENT_TARGET = 14.2;
				MTL_ENABLE_DEBUG_INFO = NO;
				MTL_FAST_MATH = YES;
				SDKROOT = iphoneos;
				SWIFT_COMPILATION_MODE = wholemodule;
				SWIFT_OPTIMIZATION_LEVEL = "-O";
				VALIDATE_PRODUCT = YES;
			};
			name = Release;
		};
		8C0BDF992570753500869043 /* Debug */ = {
			isa = XCBuildConfiguration;
			baseConfigurationReference = 24AFFBD1207A18F45B3D865D /* Pods-TheBourneChallenge.debug.xcconfig */;
			buildSettings = {
				ASSETCATALOG_COMPILER_APPICON_NAME = AppIcon;
				ASSETCATALOG_COMPILER_GLOBAL_ACCENT_COLOR_NAME = AccentColor;
				CODE_SIGN_STYLE = Automatic;
				DEVELOPMENT_TEAM = 3Y9QKHKZ94;
				INFOPLIST_FILE = TheBourneChallenge/Info.plist;
				IPHONEOS_DEPLOYMENT_TARGET = 12.0;
				LD_RUNPATH_SEARCH_PATHS = (
					"$(inherited)",
					"@executable_path/Frameworks",
				);
				PRODUCT_BUNDLE_IDENTIFIER = com.nm.TheBourneChallenge;
				PRODUCT_NAME = "$(TARGET_NAME)";
				SWIFT_VERSION = 5.0;
				TARGETED_DEVICE_FAMILY = "1,2";
			};
			name = Debug;
		};
		8C0BDF9A2570753500869043 /* Release */ = {
			isa = XCBuildConfiguration;
			baseConfigurationReference = AB33C586AE22AD6329886502 /* Pods-TheBourneChallenge.release.xcconfig */;
			buildSettings = {
				ASSETCATALOG_COMPILER_APPICON_NAME = AppIcon;
				ASSETCATALOG_COMPILER_GLOBAL_ACCENT_COLOR_NAME = AccentColor;
				CODE_SIGN_STYLE = Automatic;
				DEVELOPMENT_TEAM = 3Y9QKHKZ94;
				INFOPLIST_FILE = TheBourneChallenge/Info.plist;
				IPHONEOS_DEPLOYMENT_TARGET = 12.0;
				LD_RUNPATH_SEARCH_PATHS = (
					"$(inherited)",
					"@executable_path/Frameworks",
				);
				PRODUCT_BUNDLE_IDENTIFIER = com.nm.TheBourneChallenge;
				PRODUCT_NAME = "$(TARGET_NAME)";
				SWIFT_VERSION = 5.0;
				TARGETED_DEVICE_FAMILY = "1,2";
			};
			name = Release;
		};
		8C0BDF9C2570753500869043 /* Debug */ = {
			isa = XCBuildConfiguration;
			baseConfigurationReference = 020A93A4075C19CB792D5F6F /* Pods-TheBourneChallengeTests.debug.xcconfig */;
			buildSettings = {
				ALWAYS_EMBED_SWIFT_STANDARD_LIBRARIES = YES;
				BUNDLE_LOADER = "$(TEST_HOST)";
				CODE_SIGN_STYLE = Automatic;
				DEVELOPMENT_TEAM = 3Y9QKHKZ94;
				INFOPLIST_FILE = TheBourneChallengeTests/Info.plist;
				IPHONEOS_DEPLOYMENT_TARGET = 14.2;
				LD_RUNPATH_SEARCH_PATHS = (
					"$(inherited)",
					"@executable_path/Frameworks",
					"@loader_path/Frameworks",
				);
				PRODUCT_BUNDLE_IDENTIFIER = com.nm.TheBourneChallengeTests;
				PRODUCT_NAME = "$(TARGET_NAME)";
				SWIFT_VERSION = 5.0;
				TARGETED_DEVICE_FAMILY = "1,2";
				TEST_HOST = "$(BUILT_PRODUCTS_DIR)/TheBourneChallenge.app/TheBourneChallenge";
			};
			name = Debug;
		};
		8C0BDF9D2570753500869043 /* Release */ = {
			isa = XCBuildConfiguration;
			baseConfigurationReference = 2FAD59B13B465F1E30E2244F /* Pods-TheBourneChallengeTests.release.xcconfig */;
			buildSettings = {
				ALWAYS_EMBED_SWIFT_STANDARD_LIBRARIES = YES;
				BUNDLE_LOADER = "$(TEST_HOST)";
				CODE_SIGN_STYLE = Automatic;
				DEVELOPMENT_TEAM = 3Y9QKHKZ94;
				INFOPLIST_FILE = TheBourneChallengeTests/Info.plist;
				IPHONEOS_DEPLOYMENT_TARGET = 14.2;
				LD_RUNPATH_SEARCH_PATHS = (
					"$(inherited)",
					"@executable_path/Frameworks",
					"@loader_path/Frameworks",
				);
				PRODUCT_BUNDLE_IDENTIFIER = com.nm.TheBourneChallengeTests;
				PRODUCT_NAME = "$(TARGET_NAME)";
				SWIFT_VERSION = 5.0;
				TARGETED_DEVICE_FAMILY = "1,2";
				TEST_HOST = "$(BUILT_PRODUCTS_DIR)/TheBourneChallenge.app/TheBourneChallenge";
			};
			name = Release;
		};
/* End XCBuildConfiguration section */

/* Begin XCConfigurationList section */
		8C0BDF692570753300869043 /* Build configuration list for PBXProject "TheBourneChallenge" */ = {
			isa = XCConfigurationList;
			buildConfigurations = (
				8C0BDF962570753500869043 /* Debug */,
				8C0BDF972570753500869043 /* Release */,
			);
			defaultConfigurationIsVisible = 0;
			defaultConfigurationName = Release;
		};
		8C0BDF982570753500869043 /* Build configuration list for PBXNativeTarget "TheBourneChallenge" */ = {
			isa = XCConfigurationList;
			buildConfigurations = (
				8C0BDF992570753500869043 /* Debug */,
				8C0BDF9A2570753500869043 /* Release */,
			);
			defaultConfigurationIsVisible = 0;
			defaultConfigurationName = Release;
		};
		8C0BDF9B2570753500869043 /* Build configuration list for PBXNativeTarget "TheBourneChallengeTests" */ = {
			isa = XCConfigurationList;
			buildConfigurations = (
				8C0BDF9C2570753500869043 /* Debug */,
				8C0BDF9D2570753500869043 /* Release */,
			);
			defaultConfigurationIsVisible = 0;
			defaultConfigurationName = Release;
		};
/* End XCConfigurationList section */
	};
	rootObject = 8C0BDF662570753300869043 /* Project object */;
}
